// !$*UTF8*$!
{
	archiveVersion = 1;
	classes = {
	};
	objectVersion = 52;
	objects = {

/* Begin PBXBuildFile section */
		18B684F706944F2000CC6A1E /* 4DPluginAPI.h in Headers */ = {isa = PBXBuildFile; fileRef = 18B684F006944F2000CC6A1E /* 4DPluginAPI.h */; };
		18B684F806944F2000CC6A1E /* EntryPoints.h in Headers */ = {isa = PBXBuildFile; fileRef = 18B684F106944F2000CC6A1E /* EntryPoints.h */; };
		18B684F906944F2000CC6A1E /* Flags.h in Headers */ = {isa = PBXBuildFile; fileRef = 18B684F206944F2000CC6A1E /* Flags.h */; };
		18B684FA06944F2000CC6A1E /* PrivateTypes.h in Headers */ = {isa = PBXBuildFile; fileRef = 18B684F306944F2000CC6A1E /* PrivateTypes.h */; };
		18B684FB06944F2000CC6A1E /* PublicTypes.h in Headers */ = {isa = PBXBuildFile; fileRef = 18B684F406944F2000CC6A1E /* PublicTypes.h */; };
		18B684FF06944F8800CC6A1E /* 4DPlugin-Poppler.cpp in Sources */ = {isa = PBXBuildFile; fileRef = 18B684FE06944F8800CC6A1E /* 4DPlugin-Poppler.cpp */; };
		8D01CCCA0486CAD60068D4B7 /* InfoPlist.strings in Resources */ = {isa = PBXBuildFile; fileRef = 089C167DFE841241C02AAC07 /* InfoPlist.strings */; };
		D120937F13534DCC00A72CAA /* 4DPlugin-Poppler.h in Headers */ = {isa = PBXBuildFile; fileRef = D120937E13534DCC00A72CAA /* 4DPlugin-Poppler.h */; };
		D12AC84027EB687C00EE0636 /* libcairo.a in Frameworks */ = {isa = PBXBuildFile; fileRef = D12AC81927EB686C00EE0636 /* libcairo.a */; };
		D12AC84127EB687C00EE0636 /* libcertdb.a in Frameworks */ = {isa = PBXBuildFile; fileRef = D12AC80627EB686C00EE0636 /* libcertdb.a */; };
		D12AC84227EB687C00EE0636 /* libcerthi.a in Frameworks */ = {isa = PBXBuildFile; fileRef = D12AC82C27EB686D00EE0636 /* libcerthi.a */; };
		D12AC84327EB687C00EE0636 /* libcpputil.a in Frameworks */ = {isa = PBXBuildFile; fileRef = D12AC80927EB686C00EE0636 /* libcpputil.a */; };
		D12AC84427EB687C00EE0636 /* libcrmf.a in Frameworks */ = {isa = PBXBuildFile; fileRef = D12AC81427EB686C00EE0636 /* libcrmf.a */; };
		D12AC84527EB687C00EE0636 /* libcroco-0.6.a in Frameworks */ = {isa = PBXBuildFile; fileRef = D12AC82F27EB686D00EE0636 /* libcroco-0.6.a */; };
		D12AC84627EB687C00EE0636 /* libcryptohi.a in Frameworks */ = {isa = PBXBuildFile; fileRef = D12AC81127EB686C00EE0636 /* libcryptohi.a */; };
		D12AC84727EB687C00EE0636 /* libdbm.a in Frameworks */ = {isa = PBXBuildFile; fileRef = D12AC82027EB686C00EE0636 /* libdbm.a */; };
		D12AC84827EB687C00EE0636 /* libffi.a in Frameworks */ = {isa = PBXBuildFile; fileRef = D12AC81327EB686C00EE0636 /* libffi.a */; };
		D12AC84927EB687C00EE0636 /* libfontconfig.a in Frameworks */ = {isa = PBXBuildFile; fileRef = D12AC82727EB686D00EE0636 /* libfontconfig.a */; };
		D12AC84A27EB687C00EE0636 /* libfreebl.a in Frameworks */ = {isa = PBXBuildFile; fileRef = D12AC81C27EB686C00EE0636 /* libfreebl.a */; };
		D12AC84B27EB687C00EE0636 /* libfreetype.a in Frameworks */ = {isa = PBXBuildFile; fileRef = D12AC83A27EB686D00EE0636 /* libfreetype.a */; };
		D12AC84C27EB687C00EE0636 /* libgio-2.0.a in Frameworks */ = {isa = PBXBuildFile; fileRef = D12AC83C27EB686D00EE0636 /* libgio-2.0.a */; };
		D12AC84D27EB687C00EE0636 /* libglib-2.0.a in Frameworks */ = {isa = PBXBuildFile; fileRef = D12AC81527EB686C00EE0636 /* libglib-2.0.a */; };
		D12AC84E27EB687C00EE0636 /* libgmodule-2.0.a in Frameworks */ = {isa = PBXBuildFile; fileRef = D12AC82227EB686C00EE0636 /* libgmodule-2.0.a */; };
		D12AC84F27EB687C00EE0636 /* libgobject-2.0.a in Frameworks */ = {isa = PBXBuildFile; fileRef = D12AC82427EB686C00EE0636 /* libgobject-2.0.a */; };
		D12AC85027EB687C00EE0636 /* libgthread-2.0.a in Frameworks */ = {isa = PBXBuildFile; fileRef = D12AC81827EB686C00EE0636 /* libgthread-2.0.a */; };
		D12AC85127EB687C00EE0636 /* libiconv.a in Frameworks */ = {isa = PBXBuildFile; fileRef = D12AC81A27EB686C00EE0636 /* libiconv.a */; };
		D12AC85227EB687C00EE0636 /* libintl.a in Frameworks */ = {isa = PBXBuildFile; fileRef = D12AC80E27EB686C00EE0636 /* libintl.a */; };
		D12AC85327EB687C00EE0636 /* libjar.a in Frameworks */ = {isa = PBXBuildFile; fileRef = D12AC82B27EB686D00EE0636 /* libjar.a */; };
		D12AC85427EB687C00EE0636 /* libjpeg.a in Frameworks */ = {isa = PBXBuildFile; fileRef = D12AC83D27EB686D00EE0636 /* libjpeg.a */; };
		D12AC85527EB687C00EE0636 /* libjsoncpp.a in Frameworks */ = {isa = PBXBuildFile; fileRef = D12AC83827EB686D00EE0636 /* libjsoncpp.a */; };
		D12AC85627EB687C00EE0636 /* liblcms2.a in Frameworks */ = {isa = PBXBuildFile; fileRef = D12AC80B27EB686C00EE0636 /* liblcms2.a */; };
		D12AC85727EB687C00EE0636 /* libnspr4.a in Frameworks */ = {isa = PBXBuildFile; fileRef = D12AC82627EB686C00EE0636 /* libnspr4.a */; };
		D12AC85827EB687C00EE0636 /* libnss.a in Frameworks */ = {isa = PBXBuildFile; fileRef = D12AC83127EB686D00EE0636 /* libnss.a */; };
		D12AC85927EB687C00EE0636 /* libnssb.a in Frameworks */ = {isa = PBXBuildFile; fileRef = D12AC81727EB686C00EE0636 /* libnssb.a */; };
		D12AC85A27EB687C00EE0636 /* libnssckfw.a in Frameworks */ = {isa = PBXBuildFile; fileRef = D12AC82927EB686D00EE0636 /* libnssckfw.a */; };
		D12AC85B27EB687C00EE0636 /* libnssdbm.a in Frameworks */ = {isa = PBXBuildFile; fileRef = D12AC81027EB686C00EE0636 /* libnssdbm.a */; };
		D12AC85C27EB687C00EE0636 /* libnssdev.a in Frameworks */ = {isa = PBXBuildFile; fileRef = D12AC83027EB686D00EE0636 /* libnssdev.a */; };
		D12AC85D27EB687C00EE0636 /* libnsspki.a in Frameworks */ = {isa = PBXBuildFile; fileRef = D12AC82A27EB686D00EE0636 /* libnsspki.a */; };
		D12AC85E27EB687C00EE0636 /* libnssutil.a in Frameworks */ = {isa = PBXBuildFile; fileRef = D12AC83427EB686D00EE0636 /* libnssutil.a */; };
		D12AC85F27EB687C00EE0636 /* libopenjp2.a in Frameworks */ = {isa = PBXBuildFile; fileRef = D12AC82127EB686C00EE0636 /* libopenjp2.a */; };
		D12AC86027EB687C00EE0636 /* libpixman-1.a in Frameworks */ = {isa = PBXBuildFile; fileRef = D12AC83F27EB686D00EE0636 /* libpixman-1.a */; };
		D12AC86127EB687C00EE0636 /* libpk11wrap.a in Frameworks */ = {isa = PBXBuildFile; fileRef = D12AC81E27EB686C00EE0636 /* libpk11wrap.a */; };
		D12AC86227EB687C00EE0636 /* libpkcs7.a in Frameworks */ = {isa = PBXBuildFile; fileRef = D12AC82E27EB686D00EE0636 /* libpkcs7.a */; };
		D12AC86327EB687D00EE0636 /* libpkcs12.a in Frameworks */ = {isa = PBXBuildFile; fileRef = D12AC83627EB686D00EE0636 /* libpkcs12.a */; };
		D12AC86427EB687D00EE0636 /* libpkixcertsel.a in Frameworks */ = {isa = PBXBuildFile; fileRef = D12AC82327EB686C00EE0636 /* libpkixcertsel.a */; };
		D12AC86527EB687D00EE0636 /* libpkixchecker.a in Frameworks */ = {isa = PBXBuildFile; fileRef = D12AC82527EB686C00EE0636 /* libpkixchecker.a */; };
		D12AC86627EB687D00EE0636 /* libpkixcrlsel.a in Frameworks */ = {isa = PBXBuildFile; fileRef = D12AC80F27EB686C00EE0636 /* libpkixcrlsel.a */; };
		D12AC86727EB687D00EE0636 /* libpkixmodule.a in Frameworks */ = {isa = PBXBuildFile; fileRef = D12AC80D27EB686C00EE0636 /* libpkixmodule.a */; };
		D12AC86827EB687D00EE0636 /* libpkixparams.a in Frameworks */ = {isa = PBXBuildFile; fileRef = D12AC83727EB686D00EE0636 /* libpkixparams.a */; };
		D12AC86927EB687D00EE0636 /* libpkixpki.a in Frameworks */ = {isa = PBXBuildFile; fileRef = D12AC83527EB686D00EE0636 /* libpkixpki.a */; };
		D12AC86A27EB687D00EE0636 /* libpkixresults.a in Frameworks */ = {isa = PBXBuildFile; fileRef = D12AC80827EB686C00EE0636 /* libpkixresults.a */; };
		D12AC86B27EB687D00EE0636 /* libpkixstore.a in Frameworks */ = {isa = PBXBuildFile; fileRef = D12AC81F27EB686C00EE0636 /* libpkixstore.a */; };
		D12AC86C27EB687D00EE0636 /* libpkixsystem.a in Frameworks */ = {isa = PBXBuildFile; fileRef = D12AC83927EB686D00EE0636 /* libpkixsystem.a */; };
		D12AC86D27EB687D00EE0636 /* libpkixtop.a in Frameworks */ = {isa = PBXBuildFile; fileRef = D12AC83B27EB686D00EE0636 /* libpkixtop.a */; };
		D12AC86E27EB687D00EE0636 /* libpkixutil.a in Frameworks */ = {isa = PBXBuildFile; fileRef = D12AC80A27EB686C00EE0636 /* libpkixutil.a */; };
		D12AC86F27EB687D00EE0636 /* libplc4.a in Frameworks */ = {isa = PBXBuildFile; fileRef = D12AC81B27EB686C00EE0636 /* libplc4.a */; };
		D12AC87027EB687D00EE0636 /* libplds4.a in Frameworks */ = {isa = PBXBuildFile; fileRef = D12AC82D27EB686D00EE0636 /* libplds4.a */; };
		D12AC87127EB687D00EE0636 /* libpng16.a in Frameworks */ = {isa = PBXBuildFile; fileRef = D12AC83327EB686D00EE0636 /* libpng16.a */; };
		D12AC87227EB687D00EE0636 /* libpoppler-cpp.a in Frameworks */ = {isa = PBXBuildFile; fileRef = D12AC82827EB686D00EE0636 /* libpoppler-cpp.a */; };
		D12AC87327EB687D00EE0636 /* libpoppler-glib.a in Frameworks */ = {isa = PBXBuildFile; fileRef = D12AC80727EB686C00EE0636 /* libpoppler-glib.a */; };
		D12AC87427EB687D00EE0636 /* libpoppler.a in Frameworks */ = {isa = PBXBuildFile; fileRef = D12AC81D27EB686C00EE0636 /* libpoppler.a */; };
		D12AC87527EB687D00EE0636 /* libsectool.a in Frameworks */ = {isa = PBXBuildFile; fileRef = D12AC80C27EB686C00EE0636 /* libsectool.a */; };
		D12AC87627EB687D00EE0636 /* libsmime.a in Frameworks */ = {isa = PBXBuildFile; fileRef = D12AC83227EB686D00EE0636 /* libsmime.a */; };
		D12AC87727EB687D00EE0636 /* libsoftokn.a in Frameworks */ = {isa = PBXBuildFile; fileRef = D12AC83E27EB686D00EE0636 /* libsoftokn.a */; };
		D12AC87827EB687D00EE0636 /* libtiff.a in Frameworks */ = {isa = PBXBuildFile; fileRef = D12AC81627EB686C00EE0636 /* libtiff.a */; };
		D12AC87927EB687D00EE0636 /* libz.a in Frameworks */ = {isa = PBXBuildFile; fileRef = D12AC81227EB686C00EE0636 /* libz.a */; };
		D12AC87F27EB68DC00EE0636 /* libcurl.tbd in Frameworks */ = {isa = PBXBuildFile; fileRef = D12AC87B27EB68A900EE0636 /* libcurl.tbd */; platformFilter = maccatalyst; };
		D12AC88127EB68F600EE0636 /* libpcre.tbd in Frameworks */ = {isa = PBXBuildFile; fileRef = D12AC88027EB68F000EE0636 /* libpcre.tbd */; };
		D12AC88327EB694B00EE0636 /* libresolv.tbd in Frameworks */ = {isa = PBXBuildFile; fileRef = D12AC88227EB694B00EE0636 /* libresolv.tbd */; };
		D12AC88427EB69F600EE0636 /* libbz2.tbd in Frameworks */ = {isa = PBXBuildFile; fileRef = D12AC87A27EB68A000EE0636 /* libbz2.tbd */; };
		D12AC88527EB6A1B00EE0636 /* libexpat.tbd in Frameworks */ = {isa = PBXBuildFile; fileRef = D12AC87C27EB68B300EE0636 /* libexpat.tbd */; };
		D130064F12F02D9700702C0E /* Cocoa.framework in Frameworks */ = {isa = PBXBuildFile; fileRef = D130064E12F02D9700702C0E /* Cocoa.framework */; };
		D13116A91A03ACB700DE1322 /* 4DPluginAPI.c in Sources */ = {isa = PBXBuildFile; fileRef = D13116A81A03ACB700DE1322 /* 4DPluginAPI.c */; settings = {COMPILER_FLAGS = "-Wno-multichar"; }; };
		D134D4AC1A030BA0008D14EF /* manifest.json in CopyFiles */ = {isa = PBXBuildFile; fileRef = D134D4A91A030B06008D14EF /* manifest.json */; };
		D18D661A261863A300A4C428 /* ARRAY_TEXT.cpp in Sources */ = {isa = PBXBuildFile; fileRef = D18D6611261863A200A4C428 /* ARRAY_TEXT.cpp */; };
		D18D661B261863A300A4C428 /* C_BLOB.cpp in Sources */ = {isa = PBXBuildFile; fileRef = D18D6612261863A200A4C428 /* C_BLOB.cpp */; };
		D18D661C261863A300A4C428 /* C_LONGINT.h in Headers */ = {isa = PBXBuildFile; fileRef = D18D6613261863A200A4C428 /* C_LONGINT.h */; };
		D18D661D261863A300A4C428 /* ARRAY_TEXT.h in Headers */ = {isa = PBXBuildFile; fileRef = D18D6614261863A200A4C428 /* ARRAY_TEXT.h */; };
		D18D661E261863A300A4C428 /* C_BLOB.h in Headers */ = {isa = PBXBuildFile; fileRef = D18D6615261863A200A4C428 /* C_BLOB.h */; };
		D18D661F261863A300A4C428 /* C_LONGINT.cpp in Sources */ = {isa = PBXBuildFile; fileRef = D18D6616261863A300A4C428 /* C_LONGINT.cpp */; };
		D18D6620261863A300A4C428 /* C_TEXT.cpp in Sources */ = {isa = PBXBuildFile; fileRef = D18D6617261863A300A4C428 /* C_TEXT.cpp */; };
		D18D6621261863A300A4C428 /* C_TEXT.h in Headers */ = {isa = PBXBuildFile; fileRef = D18D6618261863A300A4C428 /* C_TEXT.h */; };
		D18D6622261863A300A4C428 /* C_TYPES.h in Headers */ = {isa = PBXBuildFile; fileRef = D18D6619261863A300A4C428 /* C_TYPES.h */; };
/* End PBXBuildFile section */

/* Begin PBXCopyFilesBuildPhase section */
		D134D4AB1A030B7A008D14EF /* CopyFiles */ = {
			isa = PBXCopyFilesBuildPhase;
			buildActionMask = 2147483647;
			dstPath = "";
			dstSubfolderSpec = 7;
			files = (
				D134D4AC1A030BA0008D14EF /* manifest.json in CopyFiles */,
			);
			runOnlyForDeploymentPostprocessing = 0;
		};
/* End PBXCopyFilesBuildPhase section */

/* Begin PBXFileReference section */
		089C167EFE841241C02AAC07 /* English */ = {isa = PBXFileReference; fileEncoding = 4; lastKnownFileType = text.plist.strings; name = English; path = English.lproj/InfoPlist.strings; sourceTree = "<group>"; };
		189286350695AD8900B05D6E /* Poppler.bundle */ = {isa = PBXFileReference; explicitFileType = wrapper.cfbundle; includeInIndex = 0; path = Poppler.bundle; sourceTree = BUILT_PRODUCTS_DIR; };
		18B684F006944F2000CC6A1E /* 4DPluginAPI.h */ = {isa = PBXFileReference; fileEncoding = 30; lastKnownFileType = sourcecode.c.h; path = 4DPluginAPI.h; sourceTree = "<group>"; };
		18B684F106944F2000CC6A1E /* EntryPoints.h */ = {isa = PBXFileReference; fileEncoding = 30; lastKnownFileType = sourcecode.c.h; path = EntryPoints.h; sourceTree = "<group>"; };
		18B684F206944F2000CC6A1E /* Flags.h */ = {isa = PBXFileReference; fileEncoding = 30; lastKnownFileType = sourcecode.c.h; path = Flags.h; sourceTree = "<group>"; };
		18B684F306944F2000CC6A1E /* PrivateTypes.h */ = {isa = PBXFileReference; fileEncoding = 30; lastKnownFileType = sourcecode.c.h; path = PrivateTypes.h; sourceTree = "<group>"; };
		18B684F406944F2000CC6A1E /* PublicTypes.h */ = {isa = PBXFileReference; fileEncoding = 30; lastKnownFileType = sourcecode.c.h; path = PublicTypes.h; sourceTree = "<group>"; };
		18B684FE06944F8800CC6A1E /* 4DPlugin-Poppler.cpp */ = {isa = PBXFileReference; explicitFileType = sourcecode.cpp.objcpp; fileEncoding = 30; path = "4DPlugin-Poppler.cpp"; sourceTree = "<group>"; };
		8D01CCD10486CAD60068D4B7 /* Info.plist */ = {isa = PBXFileReference; fileEncoding = 4; lastKnownFileType = text.plist; path = Info.plist; sourceTree = "<group>"; };
		D120937E13534DCC00A72CAA /* 4DPlugin-Poppler.h */ = {isa = PBXFileReference; fileEncoding = 4; lastKnownFileType = sourcecode.c.h; path = "4DPlugin-Poppler.h"; sourceTree = "<group>"; };
		D12AC80627EB686C00EE0636 /* libcertdb.a */ = {isa = PBXFileReference; lastKnownFileType = archive.ar; name = libcertdb.a; path = a/libcertdb.a; sourceTree = "<group>"; };
		D12AC80727EB686C00EE0636 /* libpoppler-glib.a */ = {isa = PBXFileReference; lastKnownFileType = archive.ar; name = "libpoppler-glib.a"; path = "a/libpoppler-glib.a"; sourceTree = "<group>"; };
		D12AC80827EB686C00EE0636 /* libpkixresults.a */ = {isa = PBXFileReference; lastKnownFileType = archive.ar; name = libpkixresults.a; path = a/libpkixresults.a; sourceTree = "<group>"; };
		D12AC80927EB686C00EE0636 /* libcpputil.a */ = {isa = PBXFileReference; lastKnownFileType = archive.ar; name = libcpputil.a; path = a/libcpputil.a; sourceTree = "<group>"; };
		D12AC80A27EB686C00EE0636 /* libpkixutil.a */ = {isa = PBXFileReference; lastKnownFileType = archive.ar; name = libpkixutil.a; path = a/libpkixutil.a; sourceTree = "<group>"; };
		D12AC80B27EB686C00EE0636 /* liblcms2.a */ = {isa = PBXFileReference; lastKnownFileType = archive.ar; name = liblcms2.a; path = a/liblcms2.a; sourceTree = "<group>"; };
		D12AC80C27EB686C00EE0636 /* libsectool.a */ = {isa = PBXFileReference; lastKnownFileType = archive.ar; name = libsectool.a; path = a/libsectool.a; sourceTree = "<group>"; };
		D12AC80D27EB686C00EE0636 /* libpkixmodule.a */ = {isa = PBXFileReference; lastKnownFileType = archive.ar; name = libpkixmodule.a; path = a/libpkixmodule.a; sourceTree = "<group>"; };
		D12AC80E27EB686C00EE0636 /* libintl.a */ = {isa = PBXFileReference; lastKnownFileType = archive.ar; name = libintl.a; path = a/libintl.a; sourceTree = "<group>"; };
		D12AC80F27EB686C00EE0636 /* libpkixcrlsel.a */ = {isa = PBXFileReference; lastKnownFileType = archive.ar; name = libpkixcrlsel.a; path = a/libpkixcrlsel.a; sourceTree = "<group>"; };
		D12AC81027EB686C00EE0636 /* libnssdbm.a */ = {isa = PBXFileReference; lastKnownFileType = archive.ar; name = libnssdbm.a; path = a/libnssdbm.a; sourceTree = "<group>"; };
		D12AC81127EB686C00EE0636 /* libcryptohi.a */ = {isa = PBXFileReference; lastKnownFileType = archive.ar; name = libcryptohi.a; path = a/libcryptohi.a; sourceTree = "<group>"; };
		D12AC81227EB686C00EE0636 /* libz.a */ = {isa = PBXFileReference; lastKnownFileType = archive.ar; name = libz.a; path = a/libz.a; sourceTree = "<group>"; };
		D12AC81327EB686C00EE0636 /* libffi.a */ = {isa = PBXFileReference; lastKnownFileType = archive.ar; name = libffi.a; path = a/libffi.a; sourceTree = "<group>"; };
		D12AC81427EB686C00EE0636 /* libcrmf.a */ = {isa = PBXFileReference; lastKnownFileType = archive.ar; name = libcrmf.a; path = a/libcrmf.a; sourceTree = "<group>"; };
		D12AC81527EB686C00EE0636 /* libglib-2.0.a */ = {isa = PBXFileReference; lastKnownFileType = archive.ar; name = "libglib-2.0.a"; path = "a/libglib-2.0.a"; sourceTree = "<group>"; };
		D12AC81627EB686C00EE0636 /* libtiff.a */ = {isa = PBXFileReference; lastKnownFileType = archive.ar; name = libtiff.a; path = a/libtiff.a; sourceTree = "<group>"; };
		D12AC81727EB686C00EE0636 /* libnssb.a */ = {isa = PBXFileReference; lastKnownFileType = archive.ar; name = libnssb.a; path = a/libnssb.a; sourceTree = "<group>"; };
		D12AC81827EB686C00EE0636 /* libgthread-2.0.a */ = {isa = PBXFileReference; lastKnownFileType = archive.ar; name = "libgthread-2.0.a"; path = "a/libgthread-2.0.a"; sourceTree = "<group>"; };
		D12AC81927EB686C00EE0636 /* libcairo.a */ = {isa = PBXFileReference; lastKnownFileType = archive.ar; name = libcairo.a; path = a/libcairo.a; sourceTree = "<group>"; };
		D12AC81A27EB686C00EE0636 /* libiconv.a */ = {isa = PBXFileReference; lastKnownFileType = archive.ar; name = libiconv.a; path = a/libiconv.a; sourceTree = "<group>"; };
		D12AC81B27EB686C00EE0636 /* libplc4.a */ = {isa = PBXFileReference; lastKnownFileType = archive.ar; name = libplc4.a; path = a/libplc4.a; sourceTree = "<group>"; };
		D12AC81C27EB686C00EE0636 /* libfreebl.a */ = {isa = PBXFileReference; lastKnownFileType = archive.ar; name = libfreebl.a; path = a/libfreebl.a; sourceTree = "<group>"; };
		D12AC81D27EB686C00EE0636 /* libpoppler.a */ = {isa = PBXFileReference; lastKnownFileType = archive.ar; name = libpoppler.a; path = a/libpoppler.a; sourceTree = "<group>"; };
		D12AC81E27EB686C00EE0636 /* libpk11wrap.a */ = {isa = PBXFileReference; lastKnownFileType = archive.ar; name = libpk11wrap.a; path = a/libpk11wrap.a; sourceTree = "<group>"; };
		D12AC81F27EB686C00EE0636 /* libpkixstore.a */ = {isa = PBXFileReference; lastKnownFileType = archive.ar; name = libpkixstore.a; path = a/libpkixstore.a; sourceTree = "<group>"; };
		D12AC82027EB686C00EE0636 /* libdbm.a */ = {isa = PBXFileReference; lastKnownFileType = archive.ar; name = libdbm.a; path = a/libdbm.a; sourceTree = "<group>"; };
		D12AC82127EB686C00EE0636 /* libopenjp2.a */ = {isa = PBXFileReference; lastKnownFileType = archive.ar; name = libopenjp2.a; path = a/libopenjp2.a; sourceTree = "<group>"; };
		D12AC82227EB686C00EE0636 /* libgmodule-2.0.a */ = {isa = PBXFileReference; lastKnownFileType = archive.ar; name = "libgmodule-2.0.a"; path = "a/libgmodule-2.0.a"; sourceTree = "<group>"; };
		D12AC82327EB686C00EE0636 /* libpkixcertsel.a */ = {isa = PBXFileReference; lastKnownFileType = archive.ar; name = libpkixcertsel.a; path = a/libpkixcertsel.a; sourceTree = "<group>"; };
		D12AC82427EB686C00EE0636 /* libgobject-2.0.a */ = {isa = PBXFileReference; lastKnownFileType = archive.ar; name = "libgobject-2.0.a"; path = "a/libgobject-2.0.a"; sourceTree = "<group>"; };
		D12AC82527EB686C00EE0636 /* libpkixchecker.a */ = {isa = PBXFileReference; lastKnownFileType = archive.ar; name = libpkixchecker.a; path = a/libpkixchecker.a; sourceTree = "<group>"; };
		D12AC82627EB686C00EE0636 /* libnspr4.a */ = {isa = PBXFileReference; lastKnownFileType = archive.ar; name = libnspr4.a; path = a/libnspr4.a; sourceTree = "<group>"; };
		D12AC82727EB686D00EE0636 /* libfontconfig.a */ = {isa = PBXFileReference; lastKnownFileType = archive.ar; name = libfontconfig.a; path = a/libfontconfig.a; sourceTree = "<group>"; };
		D12AC82827EB686D00EE0636 /* libpoppler-cpp.a */ = {isa = PBXFileReference; lastKnownFileType = archive.ar; name = "libpoppler-cpp.a"; path = "a/libpoppler-cpp.a"; sourceTree = "<group>"; };
		D12AC82927EB686D00EE0636 /* libnssckfw.a */ = {isa = PBXFileReference; lastKnownFileType = archive.ar; name = libnssckfw.a; path = a/libnssckfw.a; sourceTree = "<group>"; };
		D12AC82A27EB686D00EE0636 /* libnsspki.a */ = {isa = PBXFileReference; lastKnownFileType = archive.ar; name = libnsspki.a; path = a/libnsspki.a; sourceTree = "<group>"; };
		D12AC82B27EB686D00EE0636 /* libjar.a */ = {isa = PBXFileReference; lastKnownFileType = archive.ar; name = libjar.a; path = a/libjar.a; sourceTree = "<group>"; };
		D12AC82C27EB686D00EE0636 /* libcerthi.a */ = {isa = PBXFileReference; lastKnownFileType = archive.ar; name = libcerthi.a; path = a/libcerthi.a; sourceTree = "<group>"; };
		D12AC82D27EB686D00EE0636 /* libplds4.a */ = {isa = PBXFileReference; lastKnownFileType = archive.ar; name = libplds4.a; path = a/libplds4.a; sourceTree = "<group>"; };
		D12AC82E27EB686D00EE0636 /* libpkcs7.a */ = {isa = PBXFileReference; lastKnownFileType = archive.ar; name = libpkcs7.a; path = a/libpkcs7.a; sourceTree = "<group>"; };
		D12AC82F27EB686D00EE0636 /* libcroco-0.6.a */ = {isa = PBXFileReference; lastKnownFileType = archive.ar; name = "libcroco-0.6.a"; path = "a/libcroco-0.6.a"; sourceTree = "<group>"; };
		D12AC83027EB686D00EE0636 /* libnssdev.a */ = {isa = PBXFileReference; lastKnownFileType = archive.ar; name = libnssdev.a; path = a/libnssdev.a; sourceTree = "<group>"; };
		D12AC83127EB686D00EE0636 /* libnss.a */ = {isa = PBXFileReference; lastKnownFileType = archive.ar; name = libnss.a; path = a/libnss.a; sourceTree = "<group>"; };
		D12AC83227EB686D00EE0636 /* libsmime.a */ = {isa = PBXFileReference; lastKnownFileType = archive.ar; name = libsmime.a; path = a/libsmime.a; sourceTree = "<group>"; };
		D12AC83327EB686D00EE0636 /* libpng16.a */ = {isa = PBXFileReference; lastKnownFileType = archive.ar; name = libpng16.a; path = a/libpng16.a; sourceTree = "<group>"; };
		D12AC83427EB686D00EE0636 /* libnssutil.a */ = {isa = PBXFileReference; lastKnownFileType = archive.ar; name = libnssutil.a; path = a/libnssutil.a; sourceTree = "<group>"; };
		D12AC83527EB686D00EE0636 /* libpkixpki.a */ = {isa = PBXFileReference; lastKnownFileType = archive.ar; name = libpkixpki.a; path = a/libpkixpki.a; sourceTree = "<group>"; };
		D12AC83627EB686D00EE0636 /* libpkcs12.a */ = {isa = PBXFileReference; lastKnownFileType = archive.ar; name = libpkcs12.a; path = a/libpkcs12.a; sourceTree = "<group>"; };
		D12AC83727EB686D00EE0636 /* libpkixparams.a */ = {isa = PBXFileReference; lastKnownFileType = archive.ar; name = libpkixparams.a; path = a/libpkixparams.a; sourceTree = "<group>"; };
		D12AC83827EB686D00EE0636 /* libjsoncpp.a */ = {isa = PBXFileReference; lastKnownFileType = archive.ar; name = libjsoncpp.a; path = a/libjsoncpp.a; sourceTree = "<group>"; };
		D12AC83927EB686D00EE0636 /* libpkixsystem.a */ = {isa = PBXFileReference; lastKnownFileType = archive.ar; name = libpkixsystem.a; path = a/libpkixsystem.a; sourceTree = "<group>"; };
		D12AC83A27EB686D00EE0636 /* libfreetype.a */ = {isa = PBXFileReference; lastKnownFileType = archive.ar; name = libfreetype.a; path = a/libfreetype.a; sourceTree = "<group>"; };
		D12AC83B27EB686D00EE0636 /* libpkixtop.a */ = {isa = PBXFileReference; lastKnownFileType = archive.ar; name = libpkixtop.a; path = a/libpkixtop.a; sourceTree = "<group>"; };
		D12AC83C27EB686D00EE0636 /* libgio-2.0.a */ = {isa = PBXFileReference; lastKnownFileType = archive.ar; name = "libgio-2.0.a"; path = "a/libgio-2.0.a"; sourceTree = "<group>"; };
		D12AC83D27EB686D00EE0636 /* libjpeg.a */ = {isa = PBXFileReference; lastKnownFileType = archive.ar; name = libjpeg.a; path = a/libjpeg.a; sourceTree = "<group>"; };
		D12AC83E27EB686D00EE0636 /* libsoftokn.a */ = {isa = PBXFileReference; lastKnownFileType = archive.ar; name = libsoftokn.a; path = a/libsoftokn.a; sourceTree = "<group>"; };
		D12AC83F27EB686D00EE0636 /* libpixman-1.a */ = {isa = PBXFileReference; lastKnownFileType = archive.ar; name = "libpixman-1.a"; path = "a/libpixman-1.a"; sourceTree = "<group>"; };
		D12AC87A27EB68A000EE0636 /* libbz2.tbd */ = {isa = PBXFileReference; lastKnownFileType = "sourcecode.text-based-dylib-definition"; name = libbz2.tbd; path = usr/lib/libbz2.tbd; sourceTree = SDKROOT; };
		D12AC87B27EB68A900EE0636 /* libcurl.tbd */ = {isa = PBXFileReference; lastKnownFileType = "sourcecode.text-based-dylib-definition"; name = libcurl.tbd; path = usr/lib/libcurl.tbd; sourceTree = SDKROOT; };
		D12AC87C27EB68B300EE0636 /* libexpat.tbd */ = {isa = PBXFileReference; lastKnownFileType = "sourcecode.text-based-dylib-definition"; name = libexpat.tbd; path = usr/lib/libexpat.tbd; sourceTree = SDKROOT; };
		D12AC88027EB68F000EE0636 /* libpcre.tbd */ = {isa = PBXFileReference; lastKnownFileType = "sourcecode.text-based-dylib-definition"; name = libpcre.tbd; path = usr/lib/libpcre.tbd; sourceTree = SDKROOT; };
		D12AC88227EB694B00EE0636 /* libresolv.tbd */ = {isa = PBXFileReference; lastKnownFileType = "sourcecode.text-based-dylib-definition"; name = libresolv.tbd; path = usr/lib/libresolv.tbd; sourceTree = SDKROOT; };
		D130064E12F02D9700702C0E /* Cocoa.framework */ = {isa = PBXFileReference; lastKnownFileType = wrapper.framework; name = Cocoa.framework; path = /System/Library/Frameworks/Cocoa.framework; sourceTree = "<absolute>"; };
		D13116A81A03ACB700DE1322 /* 4DPluginAPI.c */ = {isa = PBXFileReference; explicitFileType = sourcecode.cpp.objcpp; fileEncoding = 4; path = 4DPluginAPI.c; sourceTree = "<group>"; };
		D134D4A91A030B06008D14EF /* manifest.json */ = {isa = PBXFileReference; fileEncoding = 4; lastKnownFileType = text.json; path = manifest.json; sourceTree = "<group>"; };
		D14D10DD1A03A8A5008B3411 /* constants.xlf */ = {isa = PBXFileReference; fileEncoding = 4; lastKnownFileType = text.xml; path = constants.xlf; sourceTree = "<group>"; };
		D18D65EE2618610A00A4C428 /* libcairo.2.dylib */ = {isa = PBXFileReference; lastKnownFileType = "compiled.mach-o.dylib"; name = libcairo.2.dylib; path = test/Plugins/Poppler.bundle/Contents/MacOS/libcairo.2.dylib; sourceTree = "<group>"; };
		D18D65EF2618610A00A4C428 /* libpoppler-glib.8.dylib */ = {isa = PBXFileReference; lastKnownFileType = "compiled.mach-o.dylib"; name = "libpoppler-glib.8.dylib"; path = "test/Plugins/Poppler.bundle/Contents/MacOS/libpoppler-glib.8.dylib"; sourceTree = "<group>"; };
		D18D65F02618610A00A4C428 /* libpoppler.64.dylib */ = {isa = PBXFileReference; lastKnownFileType = "compiled.mach-o.dylib"; name = libpoppler.64.dylib; path = test/Plugins/Poppler.bundle/Contents/MacOS/libpoppler.64.dylib; sourceTree = "<group>"; };
		D18D65F12618610A00A4C428 /* libgmodule-2.0.0.dylib */ = {isa = PBXFileReference; lastKnownFileType = "compiled.mach-o.dylib"; name = "libgmodule-2.0.0.dylib"; path = "test/Plugins/Poppler.bundle/Contents/MacOS/libgmodule-2.0.0.dylib"; sourceTree = "<group>"; };
		D18D65F22618610A00A4C428 /* libgobject-2.0.0.dylib */ = {isa = PBXFileReference; lastKnownFileType = "compiled.mach-o.dylib"; name = "libgobject-2.0.0.dylib"; path = "test/Plugins/Poppler.bundle/Contents/MacOS/libgobject-2.0.0.dylib"; sourceTree = "<group>"; };
		D18D6611261863A200A4C428 /* ARRAY_TEXT.cpp */ = {isa = PBXFileReference; explicitFileType = sourcecode.cpp.objcpp; fileEncoding = 4; name = ARRAY_TEXT.cpp; path = "4D Plugin API/Classes/ARRAY_TEXT.cpp"; sourceTree = "<group>"; };
		D18D6612261863A200A4C428 /* C_BLOB.cpp */ = {isa = PBXFileReference; explicitFileType = sourcecode.cpp.objcpp; fileEncoding = 4; name = C_BLOB.cpp; path = "4D Plugin API/Classes/C_BLOB.cpp"; sourceTree = "<group>"; };
		D18D6613261863A200A4C428 /* C_LONGINT.h */ = {isa = PBXFileReference; fileEncoding = 4; lastKnownFileType = sourcecode.c.h; name = C_LONGINT.h; path = "4D Plugin API/Classes/C_LONGINT.h"; sourceTree = "<group>"; };
		D18D6614261863A200A4C428 /* ARRAY_TEXT.h */ = {isa = PBXFileReference; fileEncoding = 4; lastKnownFileType = sourcecode.c.h; name = ARRAY_TEXT.h; path = "4D Plugin API/Classes/ARRAY_TEXT.h"; sourceTree = "<group>"; };
		D18D6615261863A200A4C428 /* C_BLOB.h */ = {isa = PBXFileReference; fileEncoding = 4; lastKnownFileType = sourcecode.c.h; name = C_BLOB.h; path = "4D Plugin API/Classes/C_BLOB.h"; sourceTree = "<group>"; };
		D18D6616261863A300A4C428 /* C_LONGINT.cpp */ = {isa = PBXFileReference; explicitFileType = sourcecode.cpp.objcpp; fileEncoding = 4; name = C_LONGINT.cpp; path = "4D Plugin API/Classes/C_LONGINT.cpp"; sourceTree = "<group>"; };
		D18D6617261863A300A4C428 /* C_TEXT.cpp */ = {isa = PBXFileReference; explicitFileType = sourcecode.cpp.objcpp; fileEncoding = 4; name = C_TEXT.cpp; path = "4D Plugin API/Classes/C_TEXT.cpp"; sourceTree = "<group>"; };
		D18D6618261863A300A4C428 /* C_TEXT.h */ = {isa = PBXFileReference; fileEncoding = 4; lastKnownFileType = sourcecode.c.h; name = C_TEXT.h; path = "4D Plugin API/Classes/C_TEXT.h"; sourceTree = "<group>"; };
		D18D6619261863A300A4C428 /* C_TYPES.h */ = {isa = PBXFileReference; fileEncoding = 4; lastKnownFileType = sourcecode.c.h; name = C_TYPES.h; path = "4D Plugin API/Classes/C_TYPES.h"; sourceTree = "<group>"; };
/* End PBXFileReference section */

/* Begin PBXFrameworksBuildPhase section */
		8D01CCCD0486CAD60068D4B7 /* Frameworks */ = {
			isa = PBXFrameworksBuildPhase;
			buildActionMask = 2147483647;
			files = (
				D12AC88527EB6A1B00EE0636 /* libexpat.tbd in Frameworks */,
				D12AC88427EB69F600EE0636 /* libbz2.tbd in Frameworks */,
				D12AC88327EB694B00EE0636 /* libresolv.tbd in Frameworks */,
				D12AC87F27EB68DC00EE0636 /* libcurl.tbd in Frameworks */,
				D12AC88127EB68F600EE0636 /* libpcre.tbd in Frameworks */,
				D12AC87227EB687D00EE0636 /* libpoppler-cpp.a in Frameworks */,
				D12AC86C27EB687D00EE0636 /* libpkixsystem.a in Frameworks */,
				D12AC84E27EB687C00EE0636 /* libgmodule-2.0.a in Frameworks */,
				D12AC85627EB687C00EE0636 /* liblcms2.a in Frameworks */,
				D12AC84227EB687C00EE0636 /* libcerthi.a in Frameworks */,
				D12AC85227EB687C00EE0636 /* libintl.a in Frameworks */,
				D12AC87327EB687D00EE0636 /* libpoppler-glib.a in Frameworks */,
				D12AC86127EB687C00EE0636 /* libpk11wrap.a in Frameworks */,
				D12AC86827EB687D00EE0636 /* libpkixparams.a in Frameworks */,
				D12AC87927EB687D00EE0636 /* libz.a in Frameworks */,
				D12AC86527EB687D00EE0636 /* libpkixchecker.a in Frameworks */,
				D12AC86727EB687D00EE0636 /* libpkixmodule.a in Frameworks */,
				D12AC85E27EB687C00EE0636 /* libnssutil.a in Frameworks */,
				D12AC84527EB687C00EE0636 /* libcroco-0.6.a in Frameworks */,
				D12AC84127EB687C00EE0636 /* libcertdb.a in Frameworks */,
				D12AC86227EB687C00EE0636 /* libpkcs7.a in Frameworks */,
				D12AC87527EB687D00EE0636 /* libsectool.a in Frameworks */,
				D12AC86E27EB687D00EE0636 /* libpkixutil.a in Frameworks */,
				D12AC84827EB687C00EE0636 /* libffi.a in Frameworks */,
				D12AC86027EB687C00EE0636 /* libpixman-1.a in Frameworks */,
				D12AC84327EB687C00EE0636 /* libcpputil.a in Frameworks */,
				D12AC84A27EB687C00EE0636 /* libfreebl.a in Frameworks */,
				D12AC86627EB687D00EE0636 /* libpkixcrlsel.a in Frameworks */,
				D12AC85F27EB687C00EE0636 /* libopenjp2.a in Frameworks */,
				D12AC85327EB687C00EE0636 /* libjar.a in Frameworks */,
				D12AC84B27EB687C00EE0636 /* libfreetype.a in Frameworks */,
				D12AC85927EB687C00EE0636 /* libnssb.a in Frameworks */,
				D12AC86D27EB687D00EE0636 /* libpkixtop.a in Frameworks */,
				D12AC87627EB687D00EE0636 /* libsmime.a in Frameworks */,
				D12AC84D27EB687C00EE0636 /* libglib-2.0.a in Frameworks */,
				D12AC85127EB687C00EE0636 /* libiconv.a in Frameworks */,
				D12AC85D27EB687C00EE0636 /* libnsspki.a in Frameworks */,
				D12AC84F27EB687C00EE0636 /* libgobject-2.0.a in Frameworks */,
				D12AC87427EB687D00EE0636 /* libpoppler.a in Frameworks */,
				D12AC85427EB687C00EE0636 /* libjpeg.a in Frameworks */,
				D12AC86F27EB687D00EE0636 /* libplc4.a in Frameworks */,
				D12AC86927EB687D00EE0636 /* libpkixpki.a in Frameworks */,
				D12AC84927EB687C00EE0636 /* libfontconfig.a in Frameworks */,
				D12AC85A27EB687C00EE0636 /* libnssckfw.a in Frameworks */,
				D12AC85B27EB687C00EE0636 /* libnssdbm.a in Frameworks */,
				D12AC86327EB687D00EE0636 /* libpkcs12.a in Frameworks */,
				D12AC85727EB687C00EE0636 /* libnspr4.a in Frameworks */,
				D12AC84027EB687C00EE0636 /* libcairo.a in Frameworks */,
				D12AC86B27EB687D00EE0636 /* libpkixstore.a in Frameworks */,
				D12AC87127EB687D00EE0636 /* libpng16.a in Frameworks */,
				D12AC85827EB687C00EE0636 /* libnss.a in Frameworks */,
				D12AC85C27EB687C00EE0636 /* libnssdev.a in Frameworks */,
				D12AC86427EB687D00EE0636 /* libpkixcertsel.a in Frameworks */,
				D12AC87027EB687D00EE0636 /* libplds4.a in Frameworks */,
				D12AC84727EB687C00EE0636 /* libdbm.a in Frameworks */,
				D12AC84C27EB687C00EE0636 /* libgio-2.0.a in Frameworks */,
				D12AC87827EB687D00EE0636 /* libtiff.a in Frameworks */,
				D12AC85527EB687C00EE0636 /* libjsoncpp.a in Frameworks */,
				D12AC85027EB687C00EE0636 /* libgthread-2.0.a in Frameworks */,
				D12AC87727EB687D00EE0636 /* libsoftokn.a in Frameworks */,
				D12AC86A27EB687D00EE0636 /* libpkixresults.a in Frameworks */,
				D12AC84627EB687C00EE0636 /* libcryptohi.a in Frameworks */,
				D130064F12F02D9700702C0E /* Cocoa.framework in Frameworks */,
				D12AC84427EB687C00EE0636 /* libcrmf.a in Frameworks */,
			);
			runOnlyForDeploymentPostprocessing = 0;
		};
/* End PBXFrameworksBuildPhase section */

/* Begin PBXGroup section */
		089C166AFE841209C02AAC07 /* Poppler */ = {
			isa = PBXGroup;
			children = (
				D18D6611261863A200A4C428 /* ARRAY_TEXT.cpp */,
				D18D6614261863A200A4C428 /* ARRAY_TEXT.h */,
				D18D6612261863A200A4C428 /* C_BLOB.cpp */,
				D18D6615261863A200A4C428 /* C_BLOB.h */,
				D18D6616261863A300A4C428 /* C_LONGINT.cpp */,
				D18D6613261863A200A4C428 /* C_LONGINT.h */,
				D18D6617261863A300A4C428 /* C_TEXT.cpp */,
				D18D6618261863A300A4C428 /* C_TEXT.h */,
				D18D6619261863A300A4C428 /* C_TYPES.h */,
				D108BD7A1A03D1E6001F1B90 /* Manifest */,
				08FB77ADFE841716C02AAC07 /* Source */,
				089C167CFE841241C02AAC07 /* Resources */,
				089C1671FE841209C02AAC07 /* External Frameworks and Libraries */,
				189286360695AD8900B05D6E /* Products */,
				D16FBB3C22A4C07E008F0416 /* Frameworks */,
			);
			name = Poppler;
			sourceTree = "<group>";
		};
		089C1671FE841209C02AAC07 /* External Frameworks and Libraries */ = {
			isa = PBXGroup;
			children = (
				D130064E12F02D9700702C0E /* Cocoa.framework */,
			);
			name = "External Frameworks and Libraries";
			sourceTree = "<group>";
		};
		089C167CFE841241C02AAC07 /* Resources */ = {
			isa = PBXGroup;
			children = (
				8D01CCD10486CAD60068D4B7 /* Info.plist */,
				089C167DFE841241C02AAC07 /* InfoPlist.strings */,
			);
			name = Resources;
			sourceTree = "<group>";
		};
		08FB77ADFE841716C02AAC07 /* Source */ = {
			isa = PBXGroup;
			children = (
				18B684FE06944F8800CC6A1E /* 4DPlugin-Poppler.cpp */,
				D120937E13534DCC00A72CAA /* 4DPlugin-Poppler.h */,
				18B684ED06944F2000CC6A1E /* 4D Plugin API */,
			);
			name = Source;
			sourceTree = "<group>";
		};
		189286360695AD8900B05D6E /* Products */ = {
			isa = PBXGroup;
			children = (
				189286350695AD8900B05D6E /* Poppler.bundle */,
			);
			name = Products;
			sourceTree = "<group>";
		};
		18B684ED06944F2000CC6A1E /* 4D Plugin API */ = {
			isa = PBXGroup;
			children = (
				D13116A81A03ACB700DE1322 /* 4DPluginAPI.c */,
				18B684F006944F2000CC6A1E /* 4DPluginAPI.h */,
				18B684F106944F2000CC6A1E /* EntryPoints.h */,
				18B684F206944F2000CC6A1E /* Flags.h */,
				18B684F306944F2000CC6A1E /* PrivateTypes.h */,
				18B684F406944F2000CC6A1E /* PublicTypes.h */,
			);
			path = "4D Plugin API";
			sourceTree = "<group>";
		};
		D108BD7A1A03D1E6001F1B90 /* Manifest */ = {
			isa = PBXGroup;
			children = (
				D134D4A91A030B06008D14EF /* manifest.json */,
				D14D10DD1A03A8A5008B3411 /* constants.xlf */,
			);
			name = Manifest;
			sourceTree = "<group>";
		};
		D16FBB3C22A4C07E008F0416 /* Frameworks */ = {
			isa = PBXGroup;
			children = (
				D12AC88227EB694B00EE0636 /* libresolv.tbd */,
				D12AC88027EB68F000EE0636 /* libpcre.tbd */,
				D12AC87C27EB68B300EE0636 /* libexpat.tbd */,
				D12AC87B27EB68A900EE0636 /* libcurl.tbd */,
				D12AC87A27EB68A000EE0636 /* libbz2.tbd */,
				D12AC81927EB686C00EE0636 /* libcairo.a */,
				D12AC80627EB686C00EE0636 /* libcertdb.a */,
				D12AC82C27EB686D00EE0636 /* libcerthi.a */,
				D12AC80927EB686C00EE0636 /* libcpputil.a */,
				D12AC81427EB686C00EE0636 /* libcrmf.a */,
				D12AC82F27EB686D00EE0636 /* libcroco-0.6.a */,
				D12AC81127EB686C00EE0636 /* libcryptohi.a */,
				D12AC82027EB686C00EE0636 /* libdbm.a */,
				D12AC81327EB686C00EE0636 /* libffi.a */,
				D12AC82727EB686D00EE0636 /* libfontconfig.a */,
				D12AC81C27EB686C00EE0636 /* libfreebl.a */,
				D12AC83A27EB686D00EE0636 /* libfreetype.a */,
				D12AC83C27EB686D00EE0636 /* libgio-2.0.a */,
				D12AC81527EB686C00EE0636 /* libglib-2.0.a */,
				D12AC82227EB686C00EE0636 /* libgmodule-2.0.a */,
				D12AC82427EB686C00EE0636 /* libgobject-2.0.a */,
				D12AC81827EB686C00EE0636 /* libgthread-2.0.a */,
				D12AC81A27EB686C00EE0636 /* libiconv.a */,
				D12AC80E27EB686C00EE0636 /* libintl.a */,
				D12AC82B27EB686D00EE0636 /* libjar.a */,
				D12AC83D27EB686D00EE0636 /* libjpeg.a */,
				D12AC83827EB686D00EE0636 /* libjsoncpp.a */,
				D12AC80B27EB686C00EE0636 /* liblcms2.a */,
				D12AC82627EB686C00EE0636 /* libnspr4.a */,
				D12AC83127EB686D00EE0636 /* libnss.a */,
				D12AC81727EB686C00EE0636 /* libnssb.a */,
				D12AC82927EB686D00EE0636 /* libnssckfw.a */,
				D12AC81027EB686C00EE0636 /* libnssdbm.a */,
				D12AC83027EB686D00EE0636 /* libnssdev.a */,
				D12AC82A27EB686D00EE0636 /* libnsspki.a */,
				D12AC83427EB686D00EE0636 /* libnssutil.a */,
				D12AC82127EB686C00EE0636 /* libopenjp2.a */,
				D12AC83F27EB686D00EE0636 /* libpixman-1.a */,
				D12AC81E27EB686C00EE0636 /* libpk11wrap.a */,
				D12AC82E27EB686D00EE0636 /* libpkcs7.a */,
				D12AC83627EB686D00EE0636 /* libpkcs12.a */,
				D12AC82327EB686C00EE0636 /* libpkixcertsel.a */,
				D12AC82527EB686C00EE0636 /* libpkixchecker.a */,
				D12AC80F27EB686C00EE0636 /* libpkixcrlsel.a */,
				D12AC80D27EB686C00EE0636 /* libpkixmodule.a */,
				D12AC83727EB686D00EE0636 /* libpkixparams.a */,
				D12AC83527EB686D00EE0636 /* libpkixpki.a */,
				D12AC80827EB686C00EE0636 /* libpkixresults.a */,
				D12AC81F27EB686C00EE0636 /* libpkixstore.a */,
				D12AC83927EB686D00EE0636 /* libpkixsystem.a */,
				D12AC83B27EB686D00EE0636 /* libpkixtop.a */,
				D12AC80A27EB686C00EE0636 /* libpkixutil.a */,
				D12AC81B27EB686C00EE0636 /* libplc4.a */,
				D12AC82D27EB686D00EE0636 /* libplds4.a */,
				D12AC83327EB686D00EE0636 /* libpng16.a */,
				D12AC82827EB686D00EE0636 /* libpoppler-cpp.a */,
				D12AC80727EB686C00EE0636 /* libpoppler-glib.a */,
				D12AC81D27EB686C00EE0636 /* libpoppler.a */,
				D12AC80C27EB686C00EE0636 /* libsectool.a */,
				D12AC83227EB686D00EE0636 /* libsmime.a */,
				D12AC83E27EB686D00EE0636 /* libsoftokn.a */,
				D12AC81627EB686C00EE0636 /* libtiff.a */,
				D12AC81227EB686C00EE0636 /* libz.a */,
				D18D65EE2618610A00A4C428 /* libcairo.2.dylib */,
				D18D65F12618610A00A4C428 /* libgmodule-2.0.0.dylib */,
				D18D65F22618610A00A4C428 /* libgobject-2.0.0.dylib */,
				D18D65EF2618610A00A4C428 /* libpoppler-glib.8.dylib */,
				D18D65F02618610A00A4C428 /* libpoppler.64.dylib */,
			);
			name = Frameworks;
			sourceTree = "<group>";
		};
/* End PBXGroup section */

/* Begin PBXHeadersBuildPhase section */
		8D01CCC70486CAD60068D4B7 /* Headers */ = {
			isa = PBXHeadersBuildPhase;
			buildActionMask = 2147483647;
			files = (
				18B684F706944F2000CC6A1E /* 4DPluginAPI.h in Headers */,
				D18D6621261863A300A4C428 /* C_TEXT.h in Headers */,
				D18D661C261863A300A4C428 /* C_LONGINT.h in Headers */,
				18B684F806944F2000CC6A1E /* EntryPoints.h in Headers */,
				18B684F906944F2000CC6A1E /* Flags.h in Headers */,
				18B684FA06944F2000CC6A1E /* PrivateTypes.h in Headers */,
				D18D661E261863A300A4C428 /* C_BLOB.h in Headers */,
				D18D661D261863A300A4C428 /* ARRAY_TEXT.h in Headers */,
				D18D6622261863A300A4C428 /* C_TYPES.h in Headers */,
				18B684FB06944F2000CC6A1E /* PublicTypes.h in Headers */,
				D120937F13534DCC00A72CAA /* 4DPlugin-Poppler.h in Headers */,
			);
			runOnlyForDeploymentPostprocessing = 0;
		};
/* End PBXHeadersBuildPhase section */

/* Begin PBXNativeTarget section */
		8D01CCC60486CAD60068D4B7 /* Poppler */ = {
			isa = PBXNativeTarget;
			buildConfigurationList = 42D60B3F0A9DDBC8002ABB42 /* Build configuration list for PBXNativeTarget "Poppler" */;
			buildPhases = (
				8D01CCC70486CAD60068D4B7 /* Headers */,
				8D01CCC90486CAD60068D4B7 /* Resources */,
				D134D4AB1A030B7A008D14EF /* CopyFiles */,
				8D01CCCB0486CAD60068D4B7 /* Sources */,
				8D01CCCD0486CAD60068D4B7 /* Frameworks */,
				8D01CCCF0486CAD60068D4B7 /* Rez */,
				D1292E7B22C4A91E00CB5A8C /* ShellScript */,
			);
			buildRules = (
			);
			dependencies = (
			);
			name = Poppler;
			productInstallPath = "$(HOME)/Library/Bundles";
			productName = Poppler;
			productReference = 189286350695AD8900B05D6E /* Poppler.bundle */;
			productType = "com.apple.product-type.bundle";
		};
/* End PBXNativeTarget section */

/* Begin PBXProject section */
		089C1669FE841209C02AAC07 /* Project object */ = {
			isa = PBXProject;
			attributes = {
				LastUpgradeCheck = 1020;
				TargetAttributes = {
					8D01CCC60486CAD60068D4B7 = {
						DevelopmentTeam = Y69CWUC25B;
						ProvisioningStyle = Manual;
					};
				};
			};
			buildConfigurationList = 42D60B430A9DDBC8002ABB42 /* Build configuration list for PBXProject "Poppler" */;
			compatibilityVersion = "Xcode 3.2";
			developmentRegion = English;
			hasScannedForEncodings = 1;
			knownRegions = (
				English,
				Japanese,
				French,
				German,
			);
			mainGroup = 089C166AFE841209C02AAC07 /* Poppler */;
			productRefGroup = 189286360695AD8900B05D6E /* Products */;
			projectDirPath = "";
			projectRoot = "";
			targets = (
				8D01CCC60486CAD60068D4B7 /* Poppler */,
			);
		};
/* End PBXProject section */

/* Begin PBXResourcesBuildPhase section */
		8D01CCC90486CAD60068D4B7 /* Resources */ = {
			isa = PBXResourcesBuildPhase;
			buildActionMask = 2147483647;
			files = (
				8D01CCCA0486CAD60068D4B7 /* InfoPlist.strings in Resources */,
			);
			runOnlyForDeploymentPostprocessing = 0;
		};
/* End PBXResourcesBuildPhase section */

/* Begin PBXRezBuildPhase section */
		8D01CCCF0486CAD60068D4B7 /* Rez */ = {
			isa = PBXRezBuildPhase;
			buildActionMask = 2147483647;
			files = (
			);
			runOnlyForDeploymentPostprocessing = 0;
		};
/* End PBXRezBuildPhase section */

/* Begin PBXShellScriptBuildPhase section */
		D1292E7B22C4A91E00CB5A8C /* ShellScript */ = {
			isa = PBXShellScriptBuildPhase;
			buildActionMask = 2147483647;
			files = (
			);
			inputPaths = (
			);
			outputPaths = (
			);
			runOnlyForDeploymentPostprocessing = 0;
			shellPath = /bin/sh;
			shellScript = "if test \"$CONFIGURATION\" == 'Deployment'; then\n\n    USER_NAME=keisuke.miyako@4d.com\n    UUID=`uuidgen | tr -d - | tr -d '\\n' | tr '[:upper:]' '[:lower:]'`\n    DEVELOPER_ID=`security find-identity -p codesigning -v | egrep 'Developer ID Application[^\"]+' -o`\n    PRODUCT_PATH=\"$CODESIGNING_FOLDER_PATH\"\n    \n    #clean\n    xattr -cr \"$PRODUCT_PATH\"\n    codesign --remove-signature \"$PRODUCT_PATH\"\n    \n    #sign\n    codesign --verbose --deep --timestamp --force --sign \"$DEVELOPER_ID\" \"$PRODUCT_PATH\"\n    \n    #archive\n    DMG_PATH=\"$PROJECT_DIR/$PRODUCT_NAME.dmg\"\n    ZIP_PATH=\"$PROJECT_DIR/$PRODUCT_NAME.zip\" #for windows\n    rm -f \"$DMG_PATH\"\n    hdiutil create -format UDBZ -plist -srcfolder \"$PRODUCT_PATH\" \"$DMG_PATH\"\n    rm -f \"$ZIP_PATH\"\n    ditto -c -k --keepParent \"$PRODUCT_PATH\" \"$ZIP_PATH\"\n    \n    xcrun notarytool submit \"$ZIP_PATH\" --keychain-profile \"notarytool\" --wait\n    xcrun notarytool submit \"$DMG_PATH\" --keychain-profile \"notarytool\" --wait\n        \n    xcrun stapler staple \"$DMG_PATH\"\n\nelse\n    echo \"No notarization performed as this is not a release build.\"\nfi\n";
		};
/* End PBXShellScriptBuildPhase section */

/* Begin PBXSourcesBuildPhase section */
		8D01CCCB0486CAD60068D4B7 /* Sources */ = {
			isa = PBXSourcesBuildPhase;
			buildActionMask = 2147483647;
			files = (
				D18D661B261863A300A4C428 /* C_BLOB.cpp in Sources */,
				18B684FF06944F8800CC6A1E /* 4DPlugin-Poppler.cpp in Sources */,
				D13116A91A03ACB700DE1322 /* 4DPluginAPI.c in Sources */,
				D18D661A261863A300A4C428 /* ARRAY_TEXT.cpp in Sources */,
				D18D6620261863A300A4C428 /* C_TEXT.cpp in Sources */,
				D18D661F261863A300A4C428 /* C_LONGINT.cpp in Sources */,
			);
			runOnlyForDeploymentPostprocessing = 0;
		};
/* End PBXSourcesBuildPhase section */

/* Begin PBXVariantGroup section */
		089C167DFE841241C02AAC07 /* InfoPlist.strings */ = {
			isa = PBXVariantGroup;
			children = (
				089C167EFE841241C02AAC07 /* English */,
			);
			name = InfoPlist.strings;
			sourceTree = "<group>";
		};
/* End PBXVariantGroup section */

/* Begin XCBuildConfiguration section */
		42D60B400A9DDBC8002ABB42 /* Development */ = {
			isa = XCBuildConfiguration;
			buildSettings = {
				ALWAYS_SEARCH_USER_PATHS = NO;
				CLANG_CXX_LANGUAGE_STANDARD = "c++0x";
				CLANG_CXX_LIBRARY = "libc++";
				CLANG_LINK_OBJC_RUNTIME = NO;
				CODE_SIGN_IDENTITY = "";
				CODE_SIGN_STYLE = Manual;
				COMBINE_HIDPI_IMAGES = YES;
				COPY_PHASE_STRIP = NO;
				DEBUGGING_SYMBOLS = YES;
				DEPLOYMENT_LOCATION = NO;
				DEVELOPMENT_TEAM = Y69CWUC25B;
				FRAMEWORK_SEARCH_PATHS = "";
				GCC_C_LANGUAGE_STANDARD = "compiler-default";
				GCC_DYNAMIC_NO_PIC = NO;
				GCC_ENABLE_FIX_AND_CONTINUE = YES;
				GCC_ENABLE_TRIGRAPHS = NO;
				GCC_GENERATE_DEBUGGING_SYMBOLS = YES;
				GCC_OPTIMIZATION_LEVEL = 0;
				GCC_PRECOMPILE_PREFIX_HEADER = YES;
				GCC_PREFIX_HEADER = "";
				GCC_VERSION = "";
				GCC_WARN_ABOUT_MISSING_PROTOTYPES = NO;
				GCC_WARN_FOUR_CHARACTER_CONSTANTS = NO;
				GCC_WARN_UNKNOWN_PRAGMAS = NO;
				HEADER_SEARCH_PATHS = "include/**";
				INFOPLIST_FILE = Info.plist;
				INSTALL_PATH = "$(HOME)/Library/Bundles";
				LIBRARY_SEARCH_PATHS = "$(PROJECT_DIR)/a";
				LIBRARY_STYLE = Bundle;
				MARKETING_VERSION = 1.3.0;
				OTHER_CFLAGS = "";
				OTHER_LDFLAGS = "";
				OTHER_REZFLAGS = "";
				PRODUCT_BUNDLE_IDENTIFIER = com.4D.Poppler;
				PRODUCT_NAME = Poppler;
				PROVISIONING_PROFILE_SPECIFIER = "";
				SDKROOT = macosx;
				SECTORDER_FLAGS = "";
				WARNING_CFLAGS = (
					"-Wmost",
					"-Wno-four-char-constants",
					"-Wno-unknown-pragmas",
				);
				WRAPPER_EXTENSION = bundle;
				ZERO_LINK = YES;
			};
			name = Development;
		};
		42D60B410A9DDBC8002ABB42 /* Deployment */ = {
			isa = XCBuildConfiguration;
			buildSettings = {
				ALWAYS_SEARCH_USER_PATHS = NO;
				CLANG_CXX_LANGUAGE_STANDARD = "c++0x";
				CLANG_CXX_LIBRARY = "libc++";
				CLANG_LINK_OBJC_RUNTIME = NO;
				CODE_SIGN_IDENTITY = "";
				CODE_SIGN_STYLE = Manual;
				COMBINE_HIDPI_IMAGES = YES;
				COPY_PHASE_STRIP = YES;
				DEPLOYMENT_LOCATION = NO;
				DEVELOPMENT_TEAM = Y69CWUC25B;
				FRAMEWORK_SEARCH_PATHS = "";
				GCC_C_LANGUAGE_STANDARD = "compiler-default";
				GCC_ENABLE_FIX_AND_CONTINUE = NO;
				GCC_ENABLE_TRIGRAPHS = NO;
				GCC_GENERATE_DEBUGGING_SYMBOLS = NO;
				GCC_PRECOMPILE_PREFIX_HEADER = YES;
				GCC_PREFIX_HEADER = "";
				GCC_VERSION = "";
				GCC_WARN_ABOUT_MISSING_PROTOTYPES = NO;
				GCC_WARN_FOUR_CHARACTER_CONSTANTS = NO;
				GCC_WARN_UNKNOWN_PRAGMAS = NO;
				HEADER_SEARCH_PATHS = "include/**";
				INFOPLIST_FILE = Info.plist;
				INSTALL_PATH = "$(HOME)/Library/Bundles";
				LIBRARY_SEARCH_PATHS = "$(PROJECT_DIR)/a";
				LIBRARY_STYLE = Bundle;
				MARKETING_VERSION = 1.3.0;
				OTHER_CFLAGS = "";
				OTHER_LDFLAGS = "";
				OTHER_REZFLAGS = "";
				PRODUCT_BUNDLE_IDENTIFIER = com.4D.Poppler;
				PRODUCT_NAME = Poppler;
				PROVISIONING_PROFILE_SPECIFIER = "";
				SDKROOT = macosx;
				SECTORDER_FLAGS = "";
				WARNING_CFLAGS = (
					"-Wmost",
					"-Wno-four-char-constants",
					"-Wno-unknown-pragmas",
				);
				WRAPPER_EXTENSION = bundle;
				ZERO_LINK = NO;
			};
			name = Deployment;
		};
		42D60B420A9DDBC8002ABB42 /* Default */ = {
			isa = XCBuildConfiguration;
			buildSettings = {
				ALWAYS_SEARCH_USER_PATHS = NO;
				CLANG_CXX_LANGUAGE_STANDARD = "c++0x";
				CLANG_CXX_LIBRARY = "libc++";
				CLANG_LINK_OBJC_RUNTIME = NO;
				CODE_SIGN_IDENTITY = "";
				CODE_SIGN_STYLE = Manual;
				COMBINE_HIDPI_IMAGES = YES;
				DEPLOYMENT_LOCATION = NO;
				DEVELOPMENT_TEAM = Y69CWUC25B;
				FRAMEWORK_SEARCH_PATHS = "";
				GCC_C_LANGUAGE_STANDARD = "compiler-default";
				GCC_ENABLE_TRIGRAPHS = NO;
				GCC_GENERATE_DEBUGGING_SYMBOLS = NO;
				GCC_PRECOMPILE_PREFIX_HEADER = YES;
				GCC_PREFIX_HEADER = "";
				GCC_VERSION = "";
				GCC_WARN_ABOUT_MISSING_PROTOTYPES = NO;
				GCC_WARN_FOUR_CHARACTER_CONSTANTS = NO;
				GCC_WARN_UNKNOWN_PRAGMAS = NO;
				HEADER_SEARCH_PATHS = "include/**";
				INFOPLIST_FILE = Info.plist;
				INSTALL_PATH = "$(HOME)/Library/Bundles";
				LIBRARY_SEARCH_PATHS = "$(PROJECT_DIR)/a";
				LIBRARY_STYLE = Bundle;
				MARKETING_VERSION = 1.3.0;
				OTHER_CFLAGS = "";
				OTHER_LDFLAGS = "";
				OTHER_REZFLAGS = "";
				PRODUCT_BUNDLE_IDENTIFIER = com.4D.Poppler;
				PRODUCT_NAME = Poppler;
				PROVISIONING_PROFILE_SPECIFIER = "";
				SDKROOT = macosx;
				SECTORDER_FLAGS = "";
				WARNING_CFLAGS = (
					"-Wmost",
					"-Wno-four-char-constants",
					"-Wno-unknown-pragmas",
				);
				WRAPPER_EXTENSION = bundle;
			};
			name = Default;
		};
		42D60B440A9DDBC8002ABB42 /* Development */ = {
			isa = XCBuildConfiguration;
			buildSettings = {
				ALWAYS_SEARCH_USER_PATHS = NO;
				ARCHS = "$(ARCHS_STANDARD)";
				CLANG_CXX_LIBRARY = "libc++";
				CLANG_WARN_BLOCK_CAPTURE_AUTORELEASING = YES;
				CLANG_WARN_BOOL_CONVERSION = YES;
				CLANG_WARN_COMMA = YES;
				CLANG_WARN_CONSTANT_CONVERSION = YES;
				CLANG_WARN_DEPRECATED_OBJC_IMPLEMENTATIONS = YES;
				CLANG_WARN_EMPTY_BODY = YES;
				CLANG_WARN_ENUM_CONVERSION = YES;
				CLANG_WARN_INFINITE_RECURSION = YES;
				CLANG_WARN_INT_CONVERSION = YES;
				CLANG_WARN_NON_LITERAL_NULL_CONVERSION = YES;
				CLANG_WARN_OBJC_IMPLICIT_RETAIN_SELF = YES;
				CLANG_WARN_OBJC_LITERAL_CONVERSION = YES;
				CLANG_WARN_RANGE_LOOP_ANALYSIS = YES;
				CLANG_WARN_STRICT_PROTOTYPES = YES;
				CLANG_WARN_SUSPICIOUS_MOVE = YES;
				CLANG_WARN_UNREACHABLE_CODE = YES;
				CLANG_WARN__DUPLICATE_METHOD_MATCH = YES;
				CODE_SIGN_IDENTITY = "";
				CODE_SIGN_INJECT_BASE_ENTITLEMENTS = NO;
				CODE_SIGN_STYLE = Manual;
				CONFIGURATION_BUILD_DIR = "$(BUILD_DIR)";
				DEVELOPMENT_TEAM = Y69CWUC25B;
				ENABLE_STRICT_OBJC_MSGSEND = YES;
				GCC_INLINES_ARE_PRIVATE_EXTERN = YES;
				GCC_NO_COMMON_BLOCKS = YES;
				GCC_SYMBOLS_PRIVATE_EXTERN = YES;
				GCC_VERSION = "";
				GCC_WARN_64_TO_32_BIT_CONVERSION = YES;
				GCC_WARN_ABOUT_RETURN_TYPE = YES;
				GCC_WARN_UNDECLARED_SELECTOR = YES;
				GCC_WARN_UNINITIALIZED_AUTOS = YES;
				GCC_WARN_UNUSED_FUNCTION = YES;
				GCC_WARN_UNUSED_VARIABLE = YES;
				LIBRARY_SEARCH_PATHS = "$(PROJECT_DIR)/a";
				MACOSX_DEPLOYMENT_TARGET = 10.13;
				OBJROOT = "$(SRCROOT)/build";
				SDKROOT = macosx;
				SYMROOT = "$(SRCROOT)/test/Plugins";
			};
			name = Development;
		};
		42D60B450A9DDBC8002ABB42 /* Deployment */ = {
			isa = XCBuildConfiguration;
			buildSettings = {
				ALWAYS_SEARCH_USER_PATHS = NO;
				ARCHS = "$(ARCHS_STANDARD)";
				CLANG_CXX_LIBRARY = "libc++";
				CLANG_WARN_BLOCK_CAPTURE_AUTORELEASING = YES;
				CLANG_WARN_BOOL_CONVERSION = YES;
				CLANG_WARN_COMMA = YES;
				CLANG_WARN_CONSTANT_CONVERSION = YES;
				CLANG_WARN_DEPRECATED_OBJC_IMPLEMENTATIONS = YES;
				CLANG_WARN_EMPTY_BODY = YES;
				CLANG_WARN_ENUM_CONVERSION = YES;
				CLANG_WARN_INFINITE_RECURSION = YES;
				CLANG_WARN_INT_CONVERSION = YES;
				CLANG_WARN_NON_LITERAL_NULL_CONVERSION = YES;
				CLANG_WARN_OBJC_IMPLICIT_RETAIN_SELF = YES;
				CLANG_WARN_OBJC_LITERAL_CONVERSION = YES;
				CLANG_WARN_RANGE_LOOP_ANALYSIS = YES;
				CLANG_WARN_STRICT_PROTOTYPES = YES;
				CLANG_WARN_SUSPICIOUS_MOVE = YES;
				CLANG_WARN_UNREACHABLE_CODE = YES;
				CLANG_WARN__DUPLICATE_METHOD_MATCH = YES;
				CODE_SIGN_IDENTITY = "";
				CODE_SIGN_INJECT_BASE_ENTITLEMENTS = NO;
				CODE_SIGN_STYLE = Manual;
				CONFIGURATION_BUILD_DIR = "$(BUILD_DIR)";
				DEVELOPMENT_TEAM = Y69CWUC25B;
				ENABLE_STRICT_OBJC_MSGSEND = YES;
				GCC_INLINES_ARE_PRIVATE_EXTERN = YES;
				GCC_NO_COMMON_BLOCKS = YES;
				GCC_SYMBOLS_PRIVATE_EXTERN = YES;
				GCC_VERSION = "";
				GCC_WARN_64_TO_32_BIT_CONVERSION = YES;
				GCC_WARN_ABOUT_RETURN_TYPE = YES;
				GCC_WARN_UNDECLARED_SELECTOR = YES;
				GCC_WARN_UNINITIALIZED_AUTOS = YES;
				GCC_WARN_UNUSED_FUNCTION = YES;
				GCC_WARN_UNUSED_VARIABLE = YES;
				LIBRARY_SEARCH_PATHS = "$(PROJECT_DIR)/a";
				MACOSX_DEPLOYMENT_TARGET = 10.13;
				OBJROOT = "$(SRCROOT)/build";
				SDKROOT = macosx;
				SYMROOT = "$(SRCROOT)/test/Plugins";
			};
			name = Deployment;
		};
		42D60B460A9DDBC8002ABB42 /* Default */ = {
			isa = XCBuildConfiguration;
			buildSettings = {
				ALWAYS_SEARCH_USER_PATHS = NO;
				ARCHS = "$(ARCHS_STANDARD)";
				CLANG_CXX_LIBRARY = "libc++";
				CLANG_WARN_BLOCK_CAPTURE_AUTORELEASING = YES;
				CLANG_WARN_BOOL_CONVERSION = YES;
				CLANG_WARN_COMMA = YES;
				CLANG_WARN_CONSTANT_CONVERSION = YES;
				CLANG_WARN_DEPRECATED_OBJC_IMPLEMENTATIONS = YES;
				CLANG_WARN_EMPTY_BODY = YES;
				CLANG_WARN_ENUM_CONVERSION = YES;
				CLANG_WARN_INFINITE_RECURSION = YES;
				CLANG_WARN_INT_CONVERSION = YES;
				CLANG_WARN_NON_LITERAL_NULL_CONVERSION = YES;
				CLANG_WARN_OBJC_IMPLICIT_RETAIN_SELF = YES;
				CLANG_WARN_OBJC_LITERAL_CONVERSION = YES;
				CLANG_WARN_RANGE_LOOP_ANALYSIS = YES;
				CLANG_WARN_STRICT_PROTOTYPES = YES;
				CLANG_WARN_SUSPICIOUS_MOVE = YES;
				CLANG_WARN_UNREACHABLE_CODE = YES;
				CLANG_WARN__DUPLICATE_METHOD_MATCH = YES;
				CODE_SIGN_IDENTITY = "";
				CODE_SIGN_INJECT_BASE_ENTITLEMENTS = NO;
				CODE_SIGN_STYLE = Manual;
				CONFIGURATION_BUILD_DIR = "$(BUILD_DIR)";
				DEVELOPMENT_TEAM = Y69CWUC25B;
				ENABLE_STRICT_OBJC_MSGSEND = YES;
				GCC_INLINES_ARE_PRIVATE_EXTERN = YES;
				GCC_NO_COMMON_BLOCKS = YES;
				GCC_SYMBOLS_PRIVATE_EXTERN = YES;
				GCC_VERSION = "";
				GCC_WARN_64_TO_32_BIT_CONVERSION = YES;
				GCC_WARN_ABOUT_RETURN_TYPE = YES;
				GCC_WARN_UNDECLARED_SELECTOR = YES;
				GCC_WARN_UNINITIALIZED_AUTOS = YES;
				GCC_WARN_UNUSED_FUNCTION = YES;
				GCC_WARN_UNUSED_VARIABLE = YES;
				LIBRARY_SEARCH_PATHS = "$(PROJECT_DIR)/a";
				MACOSX_DEPLOYMENT_TARGET = 10.13;
				SDKROOT = macosx;
				SYMROOT = "$(SRCROOT)/test/Plugins";
			};
			name = Default;
		};
/* End XCBuildConfiguration section */

/* Begin XCConfigurationList section */
		42D60B3F0A9DDBC8002ABB42 /* Build configuration list for PBXNativeTarget "Poppler" */ = {
			isa = XCConfigurationList;
			buildConfigurations = (
				42D60B400A9DDBC8002ABB42 /* Development */,
				42D60B410A9DDBC8002ABB42 /* Deployment */,
				42D60B420A9DDBC8002ABB42 /* Default */,
			);
			defaultConfigurationIsVisible = 0;
			defaultConfigurationName = Default;
		};
		42D60B430A9DDBC8002ABB42 /* Build configuration list for PBXProject "Poppler" */ = {
			isa = XCConfigurationList;
			buildConfigurations = (
				42D60B440A9DDBC8002ABB42 /* Development */,
				42D60B450A9DDBC8002ABB42 /* Deployment */,
				42D60B460A9DDBC8002ABB42 /* Default */,
			);
			defaultConfigurationIsVisible = 0;
			defaultConfigurationName = Default;
		};
/* End XCConfigurationList section */
	};
	rootObject = 089C1669FE841209C02AAC07 /* Project object */;
}
